// !$*UTF8*$!
{
	archiveVersion = 1;
	classes = {
	};
	objectVersion = 56;
	objects = {

/* Begin PBXBuildFile section */
		809EA8BE6A2F42E21D5C5192 /* Pods_Spotify.framework in Frameworks */ = {isa = PBXBuildFile; fileRef = 58AF5CB5D0CDA6B8EAC486AA /* Pods_Spotify.framework */; };
		B35C53C4295D93AA00F7D0A0 /* GenreCollectionViewCell.swift in Sources */ = {isa = PBXBuildFile; fileRef = B35C53C3295D93AA00F7D0A0 /* GenreCollectionViewCell.swift */; };
		B35C53C6295DAB9E00F7D0A0 /* AllCategoriesResponse.swift in Sources */ = {isa = PBXBuildFile; fileRef = B35C53C5295DAB9E00F7D0A0 /* AllCategoriesResponse.swift */; };
		B35C53C8295DCD2B00F7D0A0 /* CategoryCollectionViewCellViewModel.swift in Sources */ = {isa = PBXBuildFile; fileRef = B35C53C7295DCD2B00F7D0A0 /* CategoryCollectionViewCellViewModel.swift */; };
		B35C53CA295DD53C00F7D0A0 /* CategoryViewController.swift in Sources */ = {isa = PBXBuildFile; fileRef = B35C53C9295DD53C00F7D0A0 /* CategoryViewController.swift */; };
		B35C53CC295DFE3D00F7D0A0 /* SearchResultsResponse.swift in Sources */ = {isa = PBXBuildFile; fileRef = B35C53CB295DFE3D00F7D0A0 /* SearchResultsResponse.swift */; };
		B35C53CE295E01F700F7D0A0 /* SearchResult.swift in Sources */ = {isa = PBXBuildFile; fileRef = B35C53CD295E01F700F7D0A0 /* SearchResult.swift */; };
		B36690212954C8B700BABFBB /* NewReleasesResponse.swift in Sources */ = {isa = PBXBuildFile; fileRef = B36690202954C8B700BABFBB /* NewReleasesResponse.swift */; };
		B382D5CF295ECFBE00B1EB8E /* Artist.swift in Sources */ = {isa = PBXBuildFile; fileRef = B382D5CE295ECFBE00B1EB8E /* Artist.swift */; };
		B382D5D2295ED2B700B1EB8E /* SearchResultDefaultTableViewCell.swift in Sources */ = {isa = PBXBuildFile; fileRef = B382D5D1295ED2B700B1EB8E /* SearchResultDefaultTableViewCell.swift */; };
		B382D5D4295ED6D200B1EB8E /* SearchResultDefaultTableViewCellViewModel.swift in Sources */ = {isa = PBXBuildFile; fileRef = B382D5D3295ED6D200B1EB8E /* SearchResultDefaultTableViewCellViewModel.swift */; };
		B382D5D6295EE92000B1EB8E /* SearchReultSubtitleTableViewCell.swift in Sources */ = {isa = PBXBuildFile; fileRef = B382D5D5295EE92000B1EB8E /* SearchReultSubtitleTableViewCell.swift */; };
		B382D5D8295EEAD500B1EB8E /* SearchResultSubtitleTableViewCellViewModel.swift in Sources */ = {isa = PBXBuildFile; fileRef = B382D5D7295EEAD500B1EB8E /* SearchResultSubtitleTableViewCellViewModel.swift */; };
		B382D5DB295EFC1700B1EB8E /* PlaybackPresenter.swift in Sources */ = {isa = PBXBuildFile; fileRef = B382D5DA295EFC1700B1EB8E /* PlaybackPresenter.swift */; };
		B382D5DD295F18D900B1EB8E /* PlayerControlsView.swift in Sources */ = {isa = PBXBuildFile; fileRef = B382D5DC295F18D900B1EB8E /* PlayerControlsView.swift */; };
		B38BAAD729544AC2007F74C4 /* SettingsModels.swift in Sources */ = {isa = PBXBuildFile; fileRef = B38BAAD629544AC2007F74C4 /* SettingsModels.swift */; };
		B3984F172951A00F00272000 /* AppDelegate.swift in Sources */ = {isa = PBXBuildFile; fileRef = B3984F162951A00F00272000 /* AppDelegate.swift */; };
		B3984F192951A00F00272000 /* SceneDelegate.swift in Sources */ = {isa = PBXBuildFile; fileRef = B3984F182951A00F00272000 /* SceneDelegate.swift */; };
		B3984F1B2951A00F00272000 /* HomeViewController.swift in Sources */ = {isa = PBXBuildFile; fileRef = B3984F1A2951A00F00272000 /* HomeViewController.swift */; };
		B3984F202951A01100272000 /* Assets.xcassets in Resources */ = {isa = PBXBuildFile; fileRef = B3984F1F2951A01100272000 /* Assets.xcassets */; };
		B3984F232951A01100272000 /* LaunchScreen.storyboard in Resources */ = {isa = PBXBuildFile; fileRef = B3984F212951A01100272000 /* LaunchScreen.storyboard */; };
		B3984F342951AD1900272000 /* TabBarViewController.swift in Sources */ = {isa = PBXBuildFile; fileRef = B3984F332951AD1800272000 /* TabBarViewController.swift */; };
		B3984F362951AD7100272000 /* SearchViewController.swift in Sources */ = {isa = PBXBuildFile; fileRef = B3984F352951AD7100272000 /* SearchViewController.swift */; };
		B3984F382951AD9400272000 /* LibraryViewController.swift in Sources */ = {isa = PBXBuildFile; fileRef = B3984F372951AD9400272000 /* LibraryViewController.swift */; };
		B3984F3C2951AE0600272000 /* AuthViewController.swift in Sources */ = {isa = PBXBuildFile; fileRef = B3984F3B2951AE0600272000 /* AuthViewController.swift */; };
		B3984F3E2951AE2300272000 /* WelcomeViewController.swift in Sources */ = {isa = PBXBuildFile; fileRef = B3984F3D2951AE2300272000 /* WelcomeViewController.swift */; };
		B3984F402951AE4E00272000 /* SettingsViewController.swift in Sources */ = {isa = PBXBuildFile; fileRef = B3984F3F2951AE4E00272000 /* SettingsViewController.swift */; };
		B3984F422951AE7700272000 /* ProfileViewController.swift in Sources */ = {isa = PBXBuildFile; fileRef = B3984F412951AE7700272000 /* ProfileViewController.swift */; };
		B3984F442951AE8100272000 /* PlayerViewController.swift in Sources */ = {isa = PBXBuildFile; fileRef = B3984F432951AE8100272000 /* PlayerViewController.swift */; };
		B3984F462951AEA100272000 /* PlaylistViewController.swift in Sources */ = {isa = PBXBuildFile; fileRef = B3984F452951AEA100272000 /* PlaylistViewController.swift */; };
		B3984F4A2951AF2F00272000 /* AuthManager.swift in Sources */ = {isa = PBXBuildFile; fileRef = B3984F492951AF2F00272000 /* AuthManager.swift */; };
		B3984F4C2951AF4D00272000 /* APICaller.swift in Sources */ = {isa = PBXBuildFile; fileRef = B3984F4B2951AF4D00272000 /* APICaller.swift */; };
		B3984F4E2951AF8400272000 /* HapticsManager.swift in Sources */ = {isa = PBXBuildFile; fileRef = B3984F4D2951AF8400272000 /* HapticsManager.swift */; };
		B3984F502951AFB700272000 /* Playlist.swift in Sources */ = {isa = PBXBuildFile; fileRef = B3984F4F2951AFB700272000 /* Playlist.swift */; };
		B3984F522951AFCA00272000 /* AudioTrack.swift in Sources */ = {isa = PBXBuildFile; fileRef = B3984F512951AFCA00272000 /* AudioTrack.swift */; };
		B3984F562951AFEC00272000 /* UserProfile.swift in Sources */ = {isa = PBXBuildFile; fileRef = B3984F552951AFEC00272000 /* UserProfile.swift */; };
		B3984F582951D49300272000 /* Extensions.swift in Sources */ = {isa = PBXBuildFile; fileRef = B3984F572951D49300272000 /* Extensions.swift */; };
		B3984F5A2952F7CD00272000 /* AuthResponse.swift in Sources */ = {isa = PBXBuildFile; fileRef = B3984F592952F7CD00272000 /* AuthResponse.swift */; };
		B3EBE1E02955812700EB289D /* UserImage.swift in Sources */ = {isa = PBXBuildFile; fileRef = B3EBE1DF2955812600EB289D /* UserImage.swift */; };
		B3EBE1E22955929600EB289D /* FeaturedPlaylistsResponse.swift in Sources */ = {isa = PBXBuildFile; fileRef = B3EBE1E12955929600EB289D /* FeaturedPlaylistsResponse.swift */; };
		B3EBE1E42955A58700EB289D /* RecommendedGenresResponse.swift in Sources */ = {isa = PBXBuildFile; fileRef = B3EBE1E32955A58700EB289D /* RecommendedGenresResponse.swift */; };
		B3EBE1E62955E0CE00EB289D /* RecommendationsResponse.swift in Sources */ = {isa = PBXBuildFile; fileRef = B3EBE1E52955E0CE00EB289D /* RecommendationsResponse.swift */; };
		B3EBE1E92959060F00EB289D /* NewReleaseCollectionViewCell.swift in Sources */ = {isa = PBXBuildFile; fileRef = B3EBE1E82959060F00EB289D /* NewReleaseCollectionViewCell.swift */; };
		B3EBE1EB2959065800EB289D /* FeaturedPlaylistCollectionViewCell.swift in Sources */ = {isa = PBXBuildFile; fileRef = B3EBE1EA2959065800EB289D /* FeaturedPlaylistCollectionViewCell.swift */; };
		B3EBE1ED2959069500EB289D /* RecommendedTrackCollectionViewCell.swift in Sources */ = {isa = PBXBuildFile; fileRef = B3EBE1EC2959069500EB289D /* RecommendedTrackCollectionViewCell.swift */; };
		B3EBE1EF29590A2300EB289D /* NewReleasesCellViewModel.swift in Sources */ = {isa = PBXBuildFile; fileRef = B3EBE1EE29590A2300EB289D /* NewReleasesCellViewModel.swift */; };
		B3EBE1F1295B04CC00EB289D /* FeaturedPlaylistCellViewModel.swift in Sources */ = {isa = PBXBuildFile; fileRef = B3EBE1F0295B04CC00EB289D /* FeaturedPlaylistCellViewModel.swift */; };
		B3EBE1F3295B0D9C00EB289D /* RecommendedTrackCellViewModel.swift in Sources */ = {isa = PBXBuildFile; fileRef = B3EBE1F2295B0D9C00EB289D /* RecommendedTrackCellViewModel.swift */; };
		B3EBE1F5295B60E200EB289D /* AlbumViewController.swift in Sources */ = {isa = PBXBuildFile; fileRef = B3EBE1F4295B60E200EB289D /* AlbumViewController.swift */; };
		B3EBE1F7295C29FF00EB289D /* AlbumDetailsResponse.swift in Sources */ = {isa = PBXBuildFile; fileRef = B3EBE1F6295C29FF00EB289D /* AlbumDetailsResponse.swift */; };
		B3EBE1F9295C3CC300EB289D /* PlaylistDetailsResponse.swift in Sources */ = {isa = PBXBuildFile; fileRef = B3EBE1F8295C3CC200EB289D /* PlaylistDetailsResponse.swift */; };
		B3EBE1FB295C61F100EB289D /* PlaylistHeaderCollectionReusableView.swift in Sources */ = {isa = PBXBuildFile; fileRef = B3EBE1FA295C61F000EB289D /* PlaylistHeaderCollectionReusableView.swift */; };
		B3EBE1FD295C691300EB289D /* PlaylistHeaderViewViewModel.swift in Sources */ = {isa = PBXBuildFile; fileRef = B3EBE1FC295C691200EB289D /* PlaylistHeaderViewViewModel.swift */; };
		B3EBE1FF295C7F0600EB289D /* TitleHeaderCollectionReusableView.swift in Sources */ = {isa = PBXBuildFile; fileRef = B3EBE1FE295C7F0600EB289D /* TitleHeaderCollectionReusableView.swift */; };
		B3EBE201295C9E7D00EB289D /* AlbumTrackCollectionViewCell.swift in Sources */ = {isa = PBXBuildFile; fileRef = B3EBE200295C9E7D00EB289D /* AlbumTrackCollectionViewCell.swift */; };
		B3EBE203295CA15E00EB289D /* AlbumCollectionViewCellViewModel.swift in Sources */ = {isa = PBXBuildFile; fileRef = B3EBE202295CA15E00EB289D /* AlbumCollectionViewCellViewModel.swift */; };
		B3EBE205295CAD6800EB289D /* SearchResultsViewController.swift in Sources */ = {isa = PBXBuildFile; fileRef = B3EBE204295CAD6800EB289D /* SearchResultsViewController.swift */; };
/* End PBXBuildFile section */

/* Begin PBXFileReference section */
		58AF5CB5D0CDA6B8EAC486AA /* Pods_Spotify.framework */ = {isa = PBXFileReference; explicitFileType = wrapper.framework; includeInIndex = 0; path = Pods_Spotify.framework; sourceTree = BUILT_PRODUCTS_DIR; };
		828093D21C28F540174D8920 /* Pods-Spotify.debug.xcconfig */ = {isa = PBXFileReference; includeInIndex = 1; lastKnownFileType = text.xcconfig; name = "Pods-Spotify.debug.xcconfig"; path = "Target Support Files/Pods-Spotify/Pods-Spotify.debug.xcconfig"; sourceTree = "<group>"; };
		B35C53C3295D93AA00F7D0A0 /* GenreCollectionViewCell.swift */ = {isa = PBXFileReference; lastKnownFileType = sourcecode.swift; path = GenreCollectionViewCell.swift; sourceTree = "<group>"; };
		B35C53C5295DAB9E00F7D0A0 /* AllCategoriesResponse.swift */ = {isa = PBXFileReference; lastKnownFileType = sourcecode.swift; path = AllCategoriesResponse.swift; sourceTree = "<group>"; };
		B35C53C7295DCD2B00F7D0A0 /* CategoryCollectionViewCellViewModel.swift */ = {isa = PBXFileReference; lastKnownFileType = sourcecode.swift; path = CategoryCollectionViewCellViewModel.swift; sourceTree = "<group>"; };
		B35C53C9295DD53C00F7D0A0 /* CategoryViewController.swift */ = {isa = PBXFileReference; lastKnownFileType = sourcecode.swift; path = CategoryViewController.swift; sourceTree = "<group>"; };
		B35C53CB295DFE3D00F7D0A0 /* SearchResultsResponse.swift */ = {isa = PBXFileReference; lastKnownFileType = sourcecode.swift; path = SearchResultsResponse.swift; sourceTree = "<group>"; };
		B35C53CD295E01F700F7D0A0 /* SearchResult.swift */ = {isa = PBXFileReference; lastKnownFileType = sourcecode.swift; path = SearchResult.swift; sourceTree = "<group>"; };
		B36690202954C8B700BABFBB /* NewReleasesResponse.swift */ = {isa = PBXFileReference; lastKnownFileType = sourcecode.swift; path = NewReleasesResponse.swift; sourceTree = "<group>"; };
		B382D5CE295ECFBE00B1EB8E /* Artist.swift */ = {isa = PBXFileReference; lastKnownFileType = sourcecode.swift; path = Artist.swift; sourceTree = "<group>"; };
		B382D5D1295ED2B700B1EB8E /* SearchResultDefaultTableViewCell.swift */ = {isa = PBXFileReference; lastKnownFileType = sourcecode.swift; path = SearchResultDefaultTableViewCell.swift; sourceTree = "<group>"; };
		B382D5D3295ED6D200B1EB8E /* SearchResultDefaultTableViewCellViewModel.swift */ = {isa = PBXFileReference; lastKnownFileType = sourcecode.swift; path = SearchResultDefaultTableViewCellViewModel.swift; sourceTree = "<group>"; };
		B382D5D5295EE92000B1EB8E /* SearchReultSubtitleTableViewCell.swift */ = {isa = PBXFileReference; lastKnownFileType = sourcecode.swift; path = SearchReultSubtitleTableViewCell.swift; sourceTree = "<group>"; };
		B382D5D7295EEAD500B1EB8E /* SearchResultSubtitleTableViewCellViewModel.swift */ = {isa = PBXFileReference; lastKnownFileType = sourcecode.swift; path = SearchResultSubtitleTableViewCellViewModel.swift; sourceTree = "<group>"; };
		B382D5DA295EFC1700B1EB8E /* PlaybackPresenter.swift */ = {isa = PBXFileReference; lastKnownFileType = sourcecode.swift; path = PlaybackPresenter.swift; sourceTree = "<group>"; };
		B382D5DC295F18D900B1EB8E /* PlayerControlsView.swift */ = {isa = PBXFileReference; lastKnownFileType = sourcecode.swift; path = PlayerControlsView.swift; sourceTree = "<group>"; };
		B38BAAD629544AC2007F74C4 /* SettingsModels.swift */ = {isa = PBXFileReference; lastKnownFileType = sourcecode.swift; path = SettingsModels.swift; sourceTree = "<group>"; };
		B3984F132951A00E00272000 /* Spotify.app */ = {isa = PBXFileReference; explicitFileType = wrapper.application; includeInIndex = 0; path = Spotify.app; sourceTree = BUILT_PRODUCTS_DIR; };
		B3984F162951A00F00272000 /* AppDelegate.swift */ = {isa = PBXFileReference; lastKnownFileType = sourcecode.swift; path = AppDelegate.swift; sourceTree = "<group>"; };
		B3984F182951A00F00272000 /* SceneDelegate.swift */ = {isa = PBXFileReference; lastKnownFileType = sourcecode.swift; path = SceneDelegate.swift; sourceTree = "<group>"; };
		B3984F1A2951A00F00272000 /* HomeViewController.swift */ = {isa = PBXFileReference; lastKnownFileType = sourcecode.swift; path = HomeViewController.swift; sourceTree = "<group>"; };
		B3984F1F2951A01100272000 /* Assets.xcassets */ = {isa = PBXFileReference; lastKnownFileType = folder.assetcatalog; path = Assets.xcassets; sourceTree = "<group>"; };
		B3984F222951A01100272000 /* Base */ = {isa = PBXFileReference; lastKnownFileType = file.storyboard; name = Base; path = Base.lproj/LaunchScreen.storyboard; sourceTree = "<group>"; };
		B3984F242951A01100272000 /* Info.plist */ = {isa = PBXFileReference; lastKnownFileType = text.plist.xml; path = Info.plist; sourceTree = "<group>"; };
		B3984F332951AD1800272000 /* TabBarViewController.swift */ = {isa = PBXFileReference; lastKnownFileType = sourcecode.swift; path = TabBarViewController.swift; sourceTree = "<group>"; };
		B3984F352951AD7100272000 /* SearchViewController.swift */ = {isa = PBXFileReference; lastKnownFileType = sourcecode.swift; path = SearchViewController.swift; sourceTree = "<group>"; };
		B3984F372951AD9400272000 /* LibraryViewController.swift */ = {isa = PBXFileReference; lastKnownFileType = sourcecode.swift; path = LibraryViewController.swift; sourceTree = "<group>"; };
		B3984F3B2951AE0600272000 /* AuthViewController.swift */ = {isa = PBXFileReference; lastKnownFileType = sourcecode.swift; path = AuthViewController.swift; sourceTree = "<group>"; };
		B3984F3D2951AE2300272000 /* WelcomeViewController.swift */ = {isa = PBXFileReference; lastKnownFileType = sourcecode.swift; path = WelcomeViewController.swift; sourceTree = "<group>"; };
		B3984F3F2951AE4E00272000 /* SettingsViewController.swift */ = {isa = PBXFileReference; lastKnownFileType = sourcecode.swift; path = SettingsViewController.swift; sourceTree = "<group>"; };
		B3984F412951AE7700272000 /* ProfileViewController.swift */ = {isa = PBXFileReference; lastKnownFileType = sourcecode.swift; path = ProfileViewController.swift; sourceTree = "<group>"; };
		B3984F432951AE8100272000 /* PlayerViewController.swift */ = {isa = PBXFileReference; lastKnownFileType = sourcecode.swift; path = PlayerViewController.swift; sourceTree = "<group>"; };
		B3984F452951AEA100272000 /* PlaylistViewController.swift */ = {isa = PBXFileReference; lastKnownFileType = sourcecode.swift; path = PlaylistViewController.swift; sourceTree = "<group>"; };
		B3984F492951AF2F00272000 /* AuthManager.swift */ = {isa = PBXFileReference; lastKnownFileType = sourcecode.swift; path = AuthManager.swift; sourceTree = "<group>"; };
		B3984F4B2951AF4D00272000 /* APICaller.swift */ = {isa = PBXFileReference; lastKnownFileType = sourcecode.swift; path = APICaller.swift; sourceTree = "<group>"; };
		B3984F4D2951AF8400272000 /* HapticsManager.swift */ = {isa = PBXFileReference; lastKnownFileType = sourcecode.swift; path = HapticsManager.swift; sourceTree = "<group>"; };
		B3984F4F2951AFB700272000 /* Playlist.swift */ = {isa = PBXFileReference; lastKnownFileType = sourcecode.swift; path = Playlist.swift; sourceTree = "<group>"; };
		B3984F512951AFCA00272000 /* AudioTrack.swift */ = {isa = PBXFileReference; lastKnownFileType = sourcecode.swift; path = AudioTrack.swift; sourceTree = "<group>"; };
		B3984F552951AFEC00272000 /* UserProfile.swift */ = {isa = PBXFileReference; lastKnownFileType = sourcecode.swift; path = UserProfile.swift; sourceTree = "<group>"; };
		B3984F572951D49300272000 /* Extensions.swift */ = {isa = PBXFileReference; lastKnownFileType = sourcecode.swift; path = Extensions.swift; sourceTree = "<group>"; };
		B3984F592952F7CD00272000 /* AuthResponse.swift */ = {isa = PBXFileReference; lastKnownFileType = sourcecode.swift; path = AuthResponse.swift; sourceTree = "<group>"; };
		B3EBE1DF2955812600EB289D /* UserImage.swift */ = {isa = PBXFileReference; lastKnownFileType = sourcecode.swift; path = UserImage.swift; sourceTree = "<group>"; };
		B3EBE1E12955929600EB289D /* FeaturedPlaylistsResponse.swift */ = {isa = PBXFileReference; lastKnownFileType = sourcecode.swift; path = FeaturedPlaylistsResponse.swift; sourceTree = "<group>"; };
		B3EBE1E32955A58700EB289D /* RecommendedGenresResponse.swift */ = {isa = PBXFileReference; lastKnownFileType = sourcecode.swift; path = RecommendedGenresResponse.swift; sourceTree = "<group>"; };
		B3EBE1E52955E0CE00EB289D /* RecommendationsResponse.swift */ = {isa = PBXFileReference; lastKnownFileType = sourcecode.swift; path = RecommendationsResponse.swift; sourceTree = "<group>"; };
		B3EBE1E82959060F00EB289D /* NewReleaseCollectionViewCell.swift */ = {isa = PBXFileReference; lastKnownFileType = sourcecode.swift; path = NewReleaseCollectionViewCell.swift; sourceTree = "<group>"; };
		B3EBE1EA2959065800EB289D /* FeaturedPlaylistCollectionViewCell.swift */ = {isa = PBXFileReference; lastKnownFileType = sourcecode.swift; path = FeaturedPlaylistCollectionViewCell.swift; sourceTree = "<group>"; };
		B3EBE1EC2959069500EB289D /* RecommendedTrackCollectionViewCell.swift */ = {isa = PBXFileReference; lastKnownFileType = sourcecode.swift; path = RecommendedTrackCollectionViewCell.swift; sourceTree = "<group>"; };
		B3EBE1EE29590A2300EB289D /* NewReleasesCellViewModel.swift */ = {isa = PBXFileReference; lastKnownFileType = sourcecode.swift; path = NewReleasesCellViewModel.swift; sourceTree = "<group>"; };
		B3EBE1F0295B04CC00EB289D /* FeaturedPlaylistCellViewModel.swift */ = {isa = PBXFileReference; lastKnownFileType = sourcecode.swift; path = FeaturedPlaylistCellViewModel.swift; sourceTree = "<group>"; };
		B3EBE1F2295B0D9C00EB289D /* RecommendedTrackCellViewModel.swift */ = {isa = PBXFileReference; lastKnownFileType = sourcecode.swift; path = RecommendedTrackCellViewModel.swift; sourceTree = "<group>"; };
		B3EBE1F4295B60E200EB289D /* AlbumViewController.swift */ = {isa = PBXFileReference; lastKnownFileType = sourcecode.swift; path = AlbumViewController.swift; sourceTree = "<group>"; };
		B3EBE1F6295C29FF00EB289D /* AlbumDetailsResponse.swift */ = {isa = PBXFileReference; lastKnownFileType = sourcecode.swift; path = AlbumDetailsResponse.swift; sourceTree = "<group>"; };
		B3EBE1F8295C3CC200EB289D /* PlaylistDetailsResponse.swift */ = {isa = PBXFileReference; lastKnownFileType = sourcecode.swift; path = PlaylistDetailsResponse.swift; sourceTree = "<group>"; };
		B3EBE1FA295C61F000EB289D /* PlaylistHeaderCollectionReusableView.swift */ = {isa = PBXFileReference; lastKnownFileType = sourcecode.swift; path = PlaylistHeaderCollectionReusableView.swift; sourceTree = "<group>"; };
		B3EBE1FC295C691200EB289D /* PlaylistHeaderViewViewModel.swift */ = {isa = PBXFileReference; lastKnownFileType = sourcecode.swift; path = PlaylistHeaderViewViewModel.swift; sourceTree = "<group>"; };
		B3EBE1FE295C7F0600EB289D /* TitleHeaderCollectionReusableView.swift */ = {isa = PBXFileReference; lastKnownFileType = sourcecode.swift; path = TitleHeaderCollectionReusableView.swift; sourceTree = "<group>"; };
		B3EBE200295C9E7D00EB289D /* AlbumTrackCollectionViewCell.swift */ = {isa = PBXFileReference; lastKnownFileType = sourcecode.swift; path = AlbumTrackCollectionViewCell.swift; sourceTree = "<group>"; };
		B3EBE202295CA15E00EB289D /* AlbumCollectionViewCellViewModel.swift */ = {isa = PBXFileReference; lastKnownFileType = sourcecode.swift; path = AlbumCollectionViewCellViewModel.swift; sourceTree = "<group>"; };
		B3EBE204295CAD6800EB289D /* SearchResultsViewController.swift */ = {isa = PBXFileReference; lastKnownFileType = sourcecode.swift; path = SearchResultsViewController.swift; sourceTree = "<group>"; };
		C410AD86A5323634F072408E /* Pods-Spotify.release.xcconfig */ = {isa = PBXFileReference; includeInIndex = 1; lastKnownFileType = text.xcconfig; name = "Pods-Spotify.release.xcconfig"; path = "Target Support Files/Pods-Spotify/Pods-Spotify.release.xcconfig"; sourceTree = "<group>"; };
/* End PBXFileReference section */

/* Begin PBXFrameworksBuildPhase section */
		B3984F102951A00E00272000 /* Frameworks */ = {
			isa = PBXFrameworksBuildPhase;
			buildActionMask = 2147483647;
			files = (
				809EA8BE6A2F42E21D5C5192 /* Pods_Spotify.framework in Frameworks */,
			);
			runOnlyForDeploymentPostprocessing = 0;
		};
/* End PBXFrameworksBuildPhase section */

/* Begin PBXGroup section */
		B382D5D0295ED23D00B1EB8E /* SearchResultCells */ = {
			isa = PBXGroup;
			children = (
				B382D5D1295ED2B700B1EB8E /* SearchResultDefaultTableViewCell.swift */,
				B382D5D5295EE92000B1EB8E /* SearchReultSubtitleTableViewCell.swift */,
			);
			path = SearchResultCells;
			sourceTree = "<group>";
		};
		B382D5D9295EFBDB00B1EB8E /* Presenter */ = {
			isa = PBXGroup;
			children = (
				B382D5DA295EFC1700B1EB8E /* PlaybackPresenter.swift */,
			);
			path = Presenter;
			sourceTree = "<group>";
		};
		B3984F0A2951A00E00272000 = {
			isa = PBXGroup;
			children = (
				B3984F152951A00E00272000 /* Spotify */,
				B3984F142951A00E00272000 /* Products */,
				FE5349A64AE08AF697C7E47A /* Pods */,
				C87AF34552BBEEDC28FC0D07 /* Frameworks */,
			);
			sourceTree = "<group>";
		};
		B3984F142951A00E00272000 /* Products */ = {
			isa = PBXGroup;
			children = (
				B3984F132951A00E00272000 /* Spotify.app */,
			);
			name = Products;
			sourceTree = "<group>";
		};
		B3984F152951A00E00272000 /* Spotify */ = {
			isa = PBXGroup;
			children = (
				B382D5D9295EFBDB00B1EB8E /* Presenter */,
				B3984F322951A2BD00272000 /* Resources */,
				B3984F312951A29400272000 /* Managers */,
				B3984F302951A27600272000 /* ViewModels */,
				B3984F2C2951A1AA00272000 /* Models */,
				B3984F2F2951A20400272000 /* Views */,
				B3984F2E2951A1F400272000 /* Controllers */,
				B3984F242951A01100272000 /* Info.plist */,
			);
			path = Spotify;
			sourceTree = "<group>";
		};
		B3984F2C2951A1AA00272000 /* Models */ = {
			isa = PBXGroup;
			children = (
				B3984F4F2951AFB700272000 /* Playlist.swift */,
				B3984F512951AFCA00272000 /* AudioTrack.swift */,
				B3984F552951AFEC00272000 /* UserProfile.swift */,
				B3984F592952F7CD00272000 /* AuthResponse.swift */,
				B38BAAD629544AC2007F74C4 /* SettingsModels.swift */,
				B36690202954C8B700BABFBB /* NewReleasesResponse.swift */,
				B3EBE1DF2955812600EB289D /* UserImage.swift */,
				B3EBE1E12955929600EB289D /* FeaturedPlaylistsResponse.swift */,
				B3EBE1E32955A58700EB289D /* RecommendedGenresResponse.swift */,
				B3EBE1E52955E0CE00EB289D /* RecommendationsResponse.swift */,
				B3EBE1F6295C29FF00EB289D /* AlbumDetailsResponse.swift */,
				B3EBE1F8295C3CC200EB289D /* PlaylistDetailsResponse.swift */,
				B35C53C5295DAB9E00F7D0A0 /* AllCategoriesResponse.swift */,
				B35C53CB295DFE3D00F7D0A0 /* SearchResultsResponse.swift */,
				B35C53CD295E01F700F7D0A0 /* SearchResult.swift */,
				B382D5CE295ECFBE00B1EB8E /* Artist.swift */,
			);
			path = Models;
			sourceTree = "<group>";
		};
		B3984F2E2951A1F400272000 /* Controllers */ = {
			isa = PBXGroup;
			children = (
				B3984F3A2951ADC300272000 /* Other */,
				B3984F392951ADA500272000 /* Core */,
			);
			path = Controllers;
			sourceTree = "<group>";
		};
		B3984F2F2951A20400272000 /* Views */ = {
			isa = PBXGroup;
			children = (
				B382D5D0295ED23D00B1EB8E /* SearchResultCells */,
				B3EBE1E7295905B900EB289D /* Browse */,
				B3984F212951A01100272000 /* LaunchScreen.storyboard */,
				B3EBE1FA295C61F000EB289D /* PlaylistHeaderCollectionReusableView.swift */,
				B3EBE1FE295C7F0600EB289D /* TitleHeaderCollectionReusableView.swift */,
				B3EBE200295C9E7D00EB289D /* AlbumTrackCollectionViewCell.swift */,
				B35C53C3295D93AA00F7D0A0 /* GenreCollectionViewCell.swift */,
				B382D5DC295F18D900B1EB8E /* PlayerControlsView.swift */,
			);
			path = Views;
			sourceTree = "<group>";
		};
		B3984F302951A27600272000 /* ViewModels */ = {
			isa = PBXGroup;
			children = (
				B3EBE1EE29590A2300EB289D /* NewReleasesCellViewModel.swift */,
				B3EBE1F0295B04CC00EB289D /* FeaturedPlaylistCellViewModel.swift */,
				B3EBE1F2295B0D9C00EB289D /* RecommendedTrackCellViewModel.swift */,
				B3EBE1FC295C691200EB289D /* PlaylistHeaderViewViewModel.swift */,
				B3EBE202295CA15E00EB289D /* AlbumCollectionViewCellViewModel.swift */,
				B35C53C7295DCD2B00F7D0A0 /* CategoryCollectionViewCellViewModel.swift */,
				B382D5D3295ED6D200B1EB8E /* SearchResultDefaultTableViewCellViewModel.swift */,
				B382D5D7295EEAD500B1EB8E /* SearchResultSubtitleTableViewCellViewModel.swift */,
			);
			path = ViewModels;
			sourceTree = "<group>";
		};
		B3984F312951A29400272000 /* Managers */ = {
			isa = PBXGroup;
			children = (
				B3984F492951AF2F00272000 /* AuthManager.swift */,
				B3984F4B2951AF4D00272000 /* APICaller.swift */,
				B3984F4D2951AF8400272000 /* HapticsManager.swift */,
			);
			path = Managers;
			sourceTree = "<group>";
		};
		B3984F322951A2BD00272000 /* Resources */ = {
			isa = PBXGroup;
			children = (
				B3984F1F2951A01100272000 /* Assets.xcassets */,
				B3984F162951A00F00272000 /* AppDelegate.swift */,
				B3984F182951A00F00272000 /* SceneDelegate.swift */,
				B3984F572951D49300272000 /* Extensions.swift */,
			);
			path = Resources;
			sourceTree = "<group>";
		};
		B3984F392951ADA500272000 /* Core */ = {
			isa = PBXGroup;
			children = (
				B3984F1A2951A00F00272000 /* HomeViewController.swift */,
				B3984F332951AD1800272000 /* TabBarViewController.swift */,
				B3984F352951AD7100272000 /* SearchViewController.swift */,
				B3984F372951AD9400272000 /* LibraryViewController.swift */,
			);
			path = Core;
			sourceTree = "<group>";
		};
		B3984F3A2951ADC300272000 /* Other */ = {
			isa = PBXGroup;
			children = (
				B3984F3B2951AE0600272000 /* AuthViewController.swift */,
				B3984F3D2951AE2300272000 /* WelcomeViewController.swift */,
				B3984F3F2951AE4E00272000 /* SettingsViewController.swift */,
				B3984F412951AE7700272000 /* ProfileViewController.swift */,
				B3984F432951AE8100272000 /* PlayerViewController.swift */,
				B3984F452951AEA100272000 /* PlaylistViewController.swift */,
				B3EBE1F4295B60E200EB289D /* AlbumViewController.swift */,
				B3EBE204295CAD6800EB289D /* SearchResultsViewController.swift */,
				B35C53C9295DD53C00F7D0A0 /* CategoryViewController.swift */,
			);
			path = Other;
			sourceTree = "<group>";
		};
		B3EBE1E7295905B900EB289D /* Browse */ = {
			isa = PBXGroup;
			children = (
				B3EBE1E82959060F00EB289D /* NewReleaseCollectionViewCell.swift */,
				B3EBE1EA2959065800EB289D /* FeaturedPlaylistCollectionViewCell.swift */,
				B3EBE1EC2959069500EB289D /* RecommendedTrackCollectionViewCell.swift */,
			);
			path = Browse;
			sourceTree = "<group>";
		};
		C87AF34552BBEEDC28FC0D07 /* Frameworks */ = {
			isa = PBXGroup;
			children = (
				58AF5CB5D0CDA6B8EAC486AA /* Pods_Spotify.framework */,
			);
			name = Frameworks;
			sourceTree = "<group>";
		};
		FE5349A64AE08AF697C7E47A /* Pods */ = {
			isa = PBXGroup;
			children = (
				828093D21C28F540174D8920 /* Pods-Spotify.debug.xcconfig */,
				C410AD86A5323634F072408E /* Pods-Spotify.release.xcconfig */,
			);
			path = Pods;
			sourceTree = "<group>";
		};
/* End PBXGroup section */

/* Begin PBXNativeTarget section */
		B3984F122951A00E00272000 /* Spotify */ = {
			isa = PBXNativeTarget;
			buildConfigurationList = B3984F272951A01100272000 /* Build configuration list for PBXNativeTarget "Spotify" */;
			buildPhases = (
				DAB242BC28D6DF4D518623D8 /* [CP] Check Pods Manifest.lock */,
				B3984F0F2951A00E00272000 /* Sources */,
				B3984F102951A00E00272000 /* Frameworks */,
				B3984F112951A00E00272000 /* Resources */,
				3E9082FB1D90127C2FFE2736 /* [CP] Embed Pods Frameworks */,
			);
			buildRules = (
			);
			dependencies = (
			);
			name = Spotify;
			productName = Spotify;
			productReference = B3984F132951A00E00272000 /* Spotify.app */;
			productType = "com.apple.product-type.application";
		};
/* End PBXNativeTarget section */

/* Begin PBXProject section */
		B3984F0B2951A00E00272000 /* Project object */ = {
			isa = PBXProject;
			attributes = {
				BuildIndependentTargetsInParallel = 1;
				LastSwiftUpdateCheck = 1420;
				LastUpgradeCheck = 1420;
				TargetAttributes = {
					B3984F122951A00E00272000 = {
						CreatedOnToolsVersion = 14.2;
					};
				};
			};
			buildConfigurationList = B3984F0E2951A00E00272000 /* Build configuration list for PBXProject "Spotify" */;
			compatibilityVersion = "Xcode 14.0";
			developmentRegion = en;
			hasScannedForEncodings = 0;
			knownRegions = (
				en,
				Base,
			);
			mainGroup = B3984F0A2951A00E00272000;
			productRefGroup = B3984F142951A00E00272000 /* Products */;
			projectDirPath = "";
			projectRoot = "";
			targets = (
				B3984F122951A00E00272000 /* Spotify */,
			);
		};
/* End PBXProject section */

/* Begin PBXResourcesBuildPhase section */
		B3984F112951A00E00272000 /* Resources */ = {
			isa = PBXResourcesBuildPhase;
			buildActionMask = 2147483647;
			files = (
				B3984F232951A01100272000 /* LaunchScreen.storyboard in Resources */,
				B3984F202951A01100272000 /* Assets.xcassets in Resources */,
			);
			runOnlyForDeploymentPostprocessing = 0;
		};
/* End PBXResourcesBuildPhase section */

/* Begin PBXShellScriptBuildPhase section */
		3E9082FB1D90127C2FFE2736 /* [CP] Embed Pods Frameworks */ = {
			isa = PBXShellScriptBuildPhase;
			buildActionMask = 2147483647;
			files = (
			);
			inputFileListPaths = (
				"${PODS_ROOT}/Target Support Files/Pods-Spotify/Pods-Spotify-frameworks-${CONFIGURATION}-input-files.xcfilelist",
			);
			name = "[CP] Embed Pods Frameworks";
			outputFileListPaths = (
				"${PODS_ROOT}/Target Support Files/Pods-Spotify/Pods-Spotify-frameworks-${CONFIGURATION}-output-files.xcfilelist",
			);
			runOnlyForDeploymentPostprocessing = 0;
			shellPath = /bin/sh;
			shellScript = "\"${PODS_ROOT}/Target Support Files/Pods-Spotify/Pods-Spotify-frameworks.sh\"\n";
			showEnvVarsInLog = 0;
		};
		DAB242BC28D6DF4D518623D8 /* [CP] Check Pods Manifest.lock */ = {
			isa = PBXShellScriptBuildPhase;
			buildActionMask = 2147483647;
			files = (
			);
			inputFileListPaths = (
			);
			inputPaths = (
				"${PODS_PODFILE_DIR_PATH}/Podfile.lock",
				"${PODS_ROOT}/Manifest.lock",
			);
			name = "[CP] Check Pods Manifest.lock";
			outputFileListPaths = (
			);
			outputPaths = (
				"$(DERIVED_FILE_DIR)/Pods-Spotify-checkManifestLockResult.txt",
			);
			runOnlyForDeploymentPostprocessing = 0;
			shellPath = /bin/sh;
			shellScript = "diff \"${PODS_PODFILE_DIR_PATH}/Podfile.lock\" \"${PODS_ROOT}/Manifest.lock\" > /dev/null\nif [ $? != 0 ] ; then\n    # print error to STDERR\n    echo \"error: The sandbox is not in sync with the Podfile.lock. Run 'pod install' or update your CocoaPods installation.\" >&2\n    exit 1\nfi\n# This output is used by Xcode 'outputs' to avoid re-running this script phase.\necho \"SUCCESS\" > \"${SCRIPT_OUTPUT_FILE_0}\"\n";
			showEnvVarsInLog = 0;
		};
/* End PBXShellScriptBuildPhase section */

/* Begin PBXSourcesBuildPhase section */
		B3984F0F2951A00E00272000 /* Sources */ = {
			isa = PBXSourcesBuildPhase;
			buildActionMask = 2147483647;
			files = (
				B3984F362951AD7100272000 /* SearchViewController.swift in Sources */,
				B3EBE1F9295C3CC300EB289D /* PlaylistDetailsResponse.swift in Sources */,
				B382D5D6295EE92000B1EB8E /* SearchReultSubtitleTableViewCell.swift in Sources */,
				B3984F502951AFB700272000 /* Playlist.swift in Sources */,
				B3984F4A2951AF2F00272000 /* AuthManager.swift in Sources */,
				B3EBE1EF29590A2300EB289D /* NewReleasesCellViewModel.swift in Sources */,
				B3EBE203295CA15E00EB289D /* AlbumCollectionViewCellViewModel.swift in Sources */,
				B3EBE1F3295B0D9C00EB289D /* RecommendedTrackCellViewModel.swift in Sources */,
				B3EBE1FF295C7F0600EB289D /* TitleHeaderCollectionReusableView.swift in Sources */,
				B35C53CA295DD53C00F7D0A0 /* CategoryViewController.swift in Sources */,
				B35C53C6295DAB9E00F7D0A0 /* AllCategoriesResponse.swift in Sources */,
				B3EBE1F1295B04CC00EB289D /* FeaturedPlaylistCellViewModel.swift in Sources */,
				B3984F462951AEA100272000 /* PlaylistViewController.swift in Sources */,
				B3984F3E2951AE2300272000 /* WelcomeViewController.swift in Sources */,
				B3984F422951AE7700272000 /* ProfileViewController.swift in Sources */,
				B382D5D8295EEAD500B1EB8E /* SearchResultSubtitleTableViewCellViewModel.swift in Sources */,
				B3EBE1F5295B60E200EB289D /* AlbumViewController.swift in Sources */,
				B3984F4E2951AF8400272000 /* HapticsManager.swift in Sources */,
				B3EBE1ED2959069500EB289D /* RecommendedTrackCollectionViewCell.swift in Sources */,
				B3EBE1E42955A58700EB289D /* RecommendedGenresResponse.swift in Sources */,
				B382D5D2295ED2B700B1EB8E /* SearchResultDefaultTableViewCell.swift in Sources */,
				B3984F5A2952F7CD00272000 /* AuthResponse.swift in Sources */,
				B36690212954C8B700BABFBB /* NewReleasesResponse.swift in Sources */,
				B382D5DD295F18D900B1EB8E /* PlayerControlsView.swift in Sources */,
				B35C53C4295D93AA00F7D0A0 /* GenreCollectionViewCell.swift in Sources */,
				B3EBE1E62955E0CE00EB289D /* RecommendationsResponse.swift in Sources */,
				B3EBE205295CAD6800EB289D /* SearchResultsViewController.swift in Sources */,
				B3EBE201295C9E7D00EB289D /* AlbumTrackCollectionViewCell.swift in Sources */,
				B3EBE1E02955812700EB289D /* UserImage.swift in Sources */,
				B3984F522951AFCA00272000 /* AudioTrack.swift in Sources */,
				B3EBE1E92959060F00EB289D /* NewReleaseCollectionViewCell.swift in Sources */,
				B3984F342951AD1900272000 /* TabBarViewController.swift in Sources */,
				B382D5D4295ED6D200B1EB8E /* SearchResultDefaultTableViewCellViewModel.swift in Sources */,
				B3984F1B2951A00F00272000 /* HomeViewController.swift in Sources */,
				B35C53CC295DFE3D00F7D0A0 /* SearchResultsResponse.swift in Sources */,
				B382D5CF295ECFBE00B1EB8E /* Artist.swift in Sources */,
				B3984F3C2951AE0600272000 /* AuthViewController.swift in Sources */,
				B3984F562951AFEC00272000 /* UserProfile.swift in Sources */,
				B3EBE1EB2959065800EB289D /* FeaturedPlaylistCollectionViewCell.swift in Sources */,
				B3EBE1FB295C61F100EB289D /* PlaylistHeaderCollectionReusableView.swift in Sources */,
				B35C53CE295E01F700F7D0A0 /* SearchResult.swift in Sources */,
				B382D5DB295EFC1700B1EB8E /* PlaybackPresenter.swift in Sources */,
				B3984F582951D49300272000 /* Extensions.swift in Sources */,
				B3984F172951A00F00272000 /* AppDelegate.swift in Sources */,
				B3EBE1FD295C691300EB289D /* PlaylistHeaderViewViewModel.swift in Sources */,
				B38BAAD729544AC2007F74C4 /* SettingsModels.swift in Sources */,
				B3984F382951AD9400272000 /* LibraryViewController.swift in Sources */,
				B3984F192951A00F00272000 /* SceneDelegate.swift in Sources */,
				B3EBE1F7295C29FF00EB289D /* AlbumDetailsResponse.swift in Sources */,
				B3984F442951AE8100272000 /* PlayerViewController.swift in Sources */,
				B3984F4C2951AF4D00272000 /* APICaller.swift in Sources */,
				B3EBE1E22955929600EB289D /* FeaturedPlaylistsResponse.swift in Sources */,
				B35C53C8295DCD2B00F7D0A0 /* CategoryCollectionViewCellViewModel.swift in Sources */,
				B3984F402951AE4E00272000 /* SettingsViewController.swift in Sources */,
			);
			runOnlyForDeploymentPostprocessing = 0;
		};
/* End PBXSourcesBuildPhase section */

/* Begin PBXVariantGroup section */
		B3984F212951A01100272000 /* LaunchScreen.storyboard */ = {
			isa = PBXVariantGroup;
			children = (
				B3984F222951A01100272000 /* Base */,
			);
			name = LaunchScreen.storyboard;
			sourceTree = "<group>";
		};
/* End PBXVariantGroup section */

/* Begin XCBuildConfiguration section */
		B3984F252951A01100272000 /* Debug */ = {
			isa = XCBuildConfiguration;
			buildSettings = {
				ALWAYS_SEARCH_USER_PATHS = NO;
				CLANG_ANALYZER_NONNULL = YES;
				CLANG_ANALYZER_NUMBER_OBJECT_CONVERSION = YES_AGGRESSIVE;
				CLANG_CXX_LANGUAGE_STANDARD = "gnu++20";
				CLANG_ENABLE_MODULES = YES;
				CLANG_ENABLE_OBJC_ARC = YES;
				CLANG_ENABLE_OBJC_WEAK = YES;
				CLANG_WARN_BLOCK_CAPTURE_AUTORELEASING = YES;
				CLANG_WARN_BOOL_CONVERSION = YES;
				CLANG_WARN_COMMA = YES;
				CLANG_WARN_CONSTANT_CONVERSION = YES;
				CLANG_WARN_DEPRECATED_OBJC_IMPLEMENTATIONS = YES;
				CLANG_WARN_DIRECT_OBJC_ISA_USAGE = YES_ERROR;
				CLANG_WARN_DOCUMENTATION_COMMENTS = YES;
				CLANG_WARN_EMPTY_BODY = YES;
				CLANG_WARN_ENUM_CONVERSION = YES;
				CLANG_WARN_INFINITE_RECURSION = YES;
				CLANG_WARN_INT_CONVERSION = YES;
				CLANG_WARN_NON_LITERAL_NULL_CONVERSION = YES;
				CLANG_WARN_OBJC_IMPLICIT_RETAIN_SELF = YES;
				CLANG_WARN_OBJC_LITERAL_CONVERSION = YES;
				CLANG_WARN_OBJC_ROOT_CLASS = YES_ERROR;
				CLANG_WARN_QUOTED_INCLUDE_IN_FRAMEWORK_HEADER = YES;
				CLANG_WARN_RANGE_LOOP_ANALYSIS = YES;
				CLANG_WARN_STRICT_PROTOTYPES = YES;
				CLANG_WARN_SUSPICIOUS_MOVE = YES;
				CLANG_WARN_UNGUARDED_AVAILABILITY = YES_AGGRESSIVE;
				CLANG_WARN_UNREACHABLE_CODE = YES;
				CLANG_WARN__DUPLICATE_METHOD_MATCH = YES;
				COPY_PHASE_STRIP = NO;
				DEBUG_INFORMATION_FORMAT = dwarf;
				ENABLE_STRICT_OBJC_MSGSEND = YES;
				ENABLE_TESTABILITY = YES;
				GCC_C_LANGUAGE_STANDARD = gnu11;
				GCC_DYNAMIC_NO_PIC = NO;
				GCC_NO_COMMON_BLOCKS = YES;
				GCC_OPTIMIZATION_LEVEL = 0;
				GCC_PREPROCESSOR_DEFINITIONS = (
					"DEBUG=1",
					"$(inherited)",
				);
				GCC_WARN_64_TO_32_BIT_CONVERSION = YES;
				GCC_WARN_ABOUT_RETURN_TYPE = YES_ERROR;
				GCC_WARN_UNDECLARED_SELECTOR = YES;
				GCC_WARN_UNINITIALIZED_AUTOS = YES_AGGRESSIVE;
				GCC_WARN_UNUSED_FUNCTION = YES;
				GCC_WARN_UNUSED_VARIABLE = YES;
				IPHONEOS_DEPLOYMENT_TARGET = 16.2;
				MTL_ENABLE_DEBUG_INFO = INCLUDE_SOURCE;
				MTL_FAST_MATH = YES;
				ONLY_ACTIVE_ARCH = YES;
				SDKROOT = iphoneos;
				SWIFT_ACTIVE_COMPILATION_CONDITIONS = DEBUG;
				SWIFT_OPTIMIZATION_LEVEL = "-Onone";
			};
			name = Debug;
		};
		B3984F262951A01100272000 /* Release */ = {
			isa = XCBuildConfiguration;
			buildSettings = {
				ALWAYS_SEARCH_USER_PATHS = NO;
				CLANG_ANALYZER_NONNULL = YES;
				CLANG_ANALYZER_NUMBER_OBJECT_CONVERSION = YES_AGGRESSIVE;
				CLANG_CXX_LANGUAGE_STANDARD = "gnu++20";
				CLANG_ENABLE_MODULES = YES;
				CLANG_ENABLE_OBJC_ARC = YES;
				CLANG_ENABLE_OBJC_WEAK = YES;
				CLANG_WARN_BLOCK_CAPTURE_AUTORELEASING = YES;
				CLANG_WARN_BOOL_CONVERSION = YES;
				CLANG_WARN_COMMA = YES;
				CLANG_WARN_CONSTANT_CONVERSION = YES;
				CLANG_WARN_DEPRECATED_OBJC_IMPLEMENTATIONS = YES;
				CLANG_WARN_DIRECT_OBJC_ISA_USAGE = YES_ERROR;
				CLANG_WARN_DOCUMENTATION_COMMENTS = YES;
				CLANG_WARN_EMPTY_BODY = YES;
				CLANG_WARN_ENUM_CONVERSION = YES;
				CLANG_WARN_INFINITE_RECURSION = YES;
				CLANG_WARN_INT_CONVERSION = YES;
				CLANG_WARN_NON_LITERAL_NULL_CONVERSION = YES;
				CLANG_WARN_OBJC_IMPLICIT_RETAIN_SELF = YES;
				CLANG_WARN_OBJC_LITERAL_CONVERSION = YES;
				CLANG_WARN_OBJC_ROOT_CLASS = YES_ERROR;
				CLANG_WARN_QUOTED_INCLUDE_IN_FRAMEWORK_HEADER = YES;
				CLANG_WARN_RANGE_LOOP_ANALYSIS = YES;
				CLANG_WARN_STRICT_PROTOTYPES = YES;
				CLANG_WARN_SUSPICIOUS_MOVE = YES;
				CLANG_WARN_UNGUARDED_AVAILABILITY = YES_AGGRESSIVE;
				CLANG_WARN_UNREACHABLE_CODE = YES;
				CLANG_WARN__DUPLICATE_METHOD_MATCH = YES;
				COPY_PHASE_STRIP = NO;
				DEBUG_INFORMATION_FORMAT = "dwarf-with-dsym";
				ENABLE_NS_ASSERTIONS = NO;
				ENABLE_STRICT_OBJC_MSGSEND = YES;
				GCC_C_LANGUAGE_STANDARD = gnu11;
				GCC_NO_COMMON_BLOCKS = YES;
				GCC_WARN_64_TO_32_BIT_CONVERSION = YES;
				GCC_WARN_ABOUT_RETURN_TYPE = YES_ERROR;
				GCC_WARN_UNDECLARED_SELECTOR = YES;
				GCC_WARN_UNINITIALIZED_AUTOS = YES_AGGRESSIVE;
				GCC_WARN_UNUSED_FUNCTION = YES;
				GCC_WARN_UNUSED_VARIABLE = YES;
				IPHONEOS_DEPLOYMENT_TARGET = 16.2;
				MTL_ENABLE_DEBUG_INFO = NO;
				MTL_FAST_MATH = YES;
				SDKROOT = iphoneos;
				SWIFT_COMPILATION_MODE = wholemodule;
				SWIFT_OPTIMIZATION_LEVEL = "-O";
				VALIDATE_PRODUCT = YES;
			};
			name = Release;
		};
		B3984F282951A01100272000 /* Debug */ = {
			isa = XCBuildConfiguration;
			baseConfigurationReference = 828093D21C28F540174D8920 /* Pods-Spotify.debug.xcconfig */;
			buildSettings = {
				ASSETCATALOG_COMPILER_APPICON_NAME = AppIcon;
				ASSETCATALOG_COMPILER_GLOBAL_ACCENT_COLOR_NAME = AccentColor;
				CODE_SIGN_STYLE = Automatic;
				CURRENT_PROJECT_VERSION = 1;
				DEVELOPMENT_TEAM = 34LBG6P59G;
				GENERATE_INFOPLIST_FILE = YES;
				INFOPLIST_FILE = Spotify/Info.plist;
				INFOPLIST_KEY_UIApplicationSupportsIndirectInputEvents = YES;
				INFOPLIST_KEY_UILaunchStoryboardName = LaunchScreen.storyboard;
				INFOPLIST_KEY_UISupportedInterfaceOrientations_iPad = "UIInterfaceOrientationPortrait UIInterfaceOrientationPortraitUpsideDown UIInterfaceOrientationLandscapeLeft UIInterfaceOrientationLandscapeRight";
				INFOPLIST_KEY_UISupportedInterfaceOrientations_iPhone = "UIInterfaceOrientationPortrait UIInterfaceOrientationLandscapeLeft UIInterfaceOrientationLandscapeRight";
				IPHONEOS_DEPLOYMENT_TARGET = 15.2;
				LD_RUNPATH_SEARCH_PATHS = (
					"$(inherited)",
					"@executable_path/Frameworks",
				);
				MARKETING_VERSION = 1.0;
				PRODUCT_BUNDLE_IDENTIFIER = io.lujandev.Spotify;
				PRODUCT_NAME = "$(TARGET_NAME)";
				SWIFT_EMIT_LOC_STRINGS = YES;
				SWIFT_VERSION = 5.0;
				TARGETED_DEVICE_FAMILY = "1,2";
			};
			name = Debug;
		};
		B3984F292951A01100272000 /* Release */ = {
			isa = XCBuildConfiguration;
			baseConfigurationReference = C410AD86A5323634F072408E /* Pods-Spotify.release.xcconfig */;
			buildSettings = {
				ASSETCATALOG_COMPILER_APPICON_NAME = AppIcon;
				ASSETCATALOG_COMPILER_GLOBAL_ACCENT_COLOR_NAME = AccentColor;
				CODE_SIGN_STYLE = Automatic;
				CURRENT_PROJECT_VERSION = 1;
				DEVELOPMENT_TEAM = 34LBG6P59G;
				GENERATE_INFOPLIST_FILE = YES;
				INFOPLIST_FILE = Spotify/Info.plist;
				INFOPLIST_KEY_UIApplicationSupportsIndirectInputEvents = YES;
				INFOPLIST_KEY_UILaunchStoryboardName = LaunchScreen.storyboard;
				INFOPLIST_KEY_UISupportedInterfaceOrientations_iPad = "UIInterfaceOrientationPortrait UIInterfaceOrientationPortraitUpsideDown UIInterfaceOrientationLandscapeLeft UIInterfaceOrientationLandscapeRight";
				INFOPLIST_KEY_UISupportedInterfaceOrientations_iPhone = "UIInterfaceOrientationPortrait UIInterfaceOrientationLandscapeLeft UIInterfaceOrientationLandscapeRight";
				IPHONEOS_DEPLOYMENT_TARGET = 15.2;
				LD_RUNPATH_SEARCH_PATHS = (
					"$(inherited)",
					"@executable_path/Frameworks",
				);
				MARKETING_VERSION = 1.0;
				PRODUCT_BUNDLE_IDENTIFIER = io.lujandev.Spotify;
				PRODUCT_NAME = "$(TARGET_NAME)";
				SWIFT_EMIT_LOC_STRINGS = YES;
				SWIFT_VERSION = 5.0;
				TARGETED_DEVICE_FAMILY = "1,2";
			};
			name = Release;
		};
/* End XCBuildConfiguration section */

/* Begin XCConfigurationList section */
		B3984F0E2951A00E00272000 /* Build configuration list for PBXProject "Spotify" */ = {
			isa = XCConfigurationList;
			buildConfigurations = (
				B3984F252951A01100272000 /* Debug */,
				B3984F262951A01100272000 /* Release */,
			);
			defaultConfigurationIsVisible = 0;
			defaultConfigurationName = Release;
		};
		B3984F272951A01100272000 /* Build configuration list for PBXNativeTarget "Spotify" */ = {
			isa = XCConfigurationList;
			buildConfigurations = (
				B3984F282951A01100272000 /* Debug */,
				B3984F292951A01100272000 /* Release */,
			);
			defaultConfigurationIsVisible = 0;
			defaultConfigurationName = Release;
		};
/* End XCConfigurationList section */
	};
	rootObject = B3984F0B2951A00E00272000 /* Project object */;
}
